<?xml version="1.0" encoding="utf-8"?>
<Project ToolsVersion="4.0" xmlns="http://schemas.microsoft.com/developer/msbuild/2003">
  <ItemGroup>
    <Filter Include="Src">
      <UniqueIdentifier>{bd1578d8-1045-4f0f-8056-6d88c806da47}</UniqueIdentifier>
    </Filter>
    <Filter Include="Include">
      <UniqueIdentifier>{74417065-c3e6-437c-8635-ceb26739a206}</UniqueIdentifier>
    </Filter>
  </ItemGroup>
  <ItemGroup>
    <ClCompile Include="$(MSBuildThisFileDirectory)..\..\InsaneCpp\Src\Insane.cpp">
      <Filter>Src</Filter>
    </ClCompile>
    <ClCompile Include="$(MSBuildThisFileDirectory)..\..\InsaneCpp\Src\InsaneCore.cpp">
      <Filter>Src</Filter>
    </ClCompile>
    <ClCompile Include="$(MSBuildThisFileDirectory)..\..\InsaneCpp\Src\InsaneCryptography.cpp">
      <Filter>Src</Filter>
    </ClCompile>
    <ClCompile Include="$(MSBuildThisFileDirectory)..\..\InsaneCpp\Src\InsaneException.cpp">
      <Filter>Src</Filter>
    </ClCompile>
    <ClCompile Include="$(MSBuildThisFileDirectory)..\..\InsaneCpp\Src\InsanePreprocessor.cpp">
      <Filter>Src</Filter>
    </ClCompile>
    <ClCompile Include="$(MSBuildThisFileDirectory)..\..\InsaneCpp\Src\InsaneString.cpp">
      <Filter>Src</Filter>
    </ClCompile>
    <ClCompile Include="$(MSBuildThisFileDirectory)..\..\InsaneCpp\Src\InsaneTest.cpp">
      <Filter>Src</Filter>
    </ClCompile>
  </ItemGroup>
  <ItemGroup>
    <ClInclude Include="$(MSBuildThisFileDirectory)..\..\InsaneCpp\Include\Insane\Insane.h">
      <Filter>Include</Filter>
    </ClInclude>
    <ClInclude Include="$(MSBuildThisFileDirectory)..\..\InsaneCpp\Include\Insane\InsaneCore.h">
      <Filter>Include</Filter>
    </ClInclude>
    <ClInclude Include="$(MSBuildThisFileDirectory)..\..\InsaneCpp\Include\Insane\InsaneCryptography.h">
      <Filter>Include</Filter>
    </ClInclude>
    <ClInclude Include="$(MSBuildThisFileDirectory)..\..\InsaneCpp\Include\Insane\InsaneException.h">
      <Filter>Include</Filter>
    </ClInclude>
    <ClInclude Include="$(MSBuildThisFileDirectory)..\..\InsaneCpp\Include\Insane\InsanePreprocessor.h">
      <Filter>Include</Filter>
    </ClInclude>
    <ClInclude Include="$(MSBuildThisFileDirectory)..\..\InsaneCpp\Include\Insane\InsaneString.h">
      <Filter>Include</Filter>
    </ClInclude>
    <ClInclude Include="$(MSBuildThisFileDirectory)..\..\InsaneCpp\Include\Insane\InsaneTest.h">
      <Filter>Include</Filter>
    </ClInclude>
  </ItemGroup>
</Project>