<?xml version="1.0" encoding="utf-8"?>
<Project ToolsVersion="4.0" xmlns="http://schemas.microsoft.com/developer/msbuild/2003">
  <ItemGroup>
    <Filter Include="Source Files">
      <UniqueIdentifier>{4FC737F1-C7A5-4376-A066-2A32D752A2FF}</UniqueIdentifier>
      <Extensions>cpp;c;cc;cxx;c++;cppm;ixx;def;odl;idl;hpj;bat;asm;asmx</Extensions>
    </Filter>
    <Filter Include="Header Files">
      <UniqueIdentifier>{93995380-89BD-4b04-88EB-625FBE52EBFB}</UniqueIdentifier>
      <Extensions>h;hh;hpp;hxx;h++;hm;inl;inc;ipp;xsd</Extensions>
    </Filter>
    <Filter Include="Resource Files">
      <UniqueIdentifier>{67DA6AB6-F800-4c08-8B7A-83BB121AAD01}</UniqueIdentifier>
      <Extensions>rc;ico;cur;bmp;dlg;rc2;rct;bin;rgs;gif;jpg;jpeg;jpe;resx;tiff;tif;png;wav;mfcribbon-ms</Extensions>
    </Filter>
    <Filter Include="Insane Source Files">
      <UniqueIdentifier>{7f3b866d-cbf8-47a9-8705-a15f39981654}</UniqueIdentifier>
    </Filter>
    <Filter Include="Insane Header Files">
      <UniqueIdentifier>{378af0e1-225f-4ae5-a283-0da2ea8f30b2}</UniqueIdentifier>
    </Filter>
  </ItemGroup>
  <ItemGroup>
    <ClCompile Include="..\modules\InsaneCpp\Src\Insane.cpp">
      <Filter>Insane Source Files</Filter>
    </ClCompile>
    <ClCompile Include="..\modules\InsaneCpp\Src\InsaneCore.cpp">
      <Filter>Insane Source Files</Filter>
    </ClCompile>
    <ClCompile Include="..\modules\InsaneCpp\Src\InsaneCryptography.cpp">
      <Filter>Insane Source Files</Filter>
    </ClCompile>
    <ClCompile Include="..\modules\InsaneCpp\Src\InsaneException.cpp">
      <Filter>Insane Source Files</Filter>
    </ClCompile>
    <ClCompile Include="..\modules\InsaneCpp\Src\InsanePreprocessor.cpp">
      <Filter>Insane Source Files</Filter>
    </ClCompile>
    <ClCompile Include="..\modules\InsaneCpp\Src\InsaneString.cpp">
      <Filter>Insane Source Files</Filter>
    </ClCompile>
    <ClCompile Include="..\modules\InsaneCpp\Src\InsaneTest.cpp">
      <Filter>Insane Source Files</Filter>
    </ClCompile>
    <ClCompile Include="..\modules\InsaneCpp\Src\__InsaneCore.cpp">
      <Filter>Insane Source Files</Filter>
    </ClCompile>
  </ItemGroup>
  <ItemGroup>
    <ClInclude Include="..\modules\InsaneCpp\Include\Insane\Insane.h">
      <Filter>Insane Header Files</Filter>
    </ClInclude>
    <ClInclude Include="..\modules\InsaneCpp\Include\Insane\InsaneCore.h">
      <Filter>Insane Header Files</Filter>
    </ClInclude>
    <ClInclude Include="..\modules\InsaneCpp\Include\Insane\InsaneCryptography.h">
      <Filter>Insane Header Files</Filter>
    </ClInclude>
    <ClInclude Include="..\modules\InsaneCpp\Include\Insane\InsaneException.h">
      <Filter>Insane Header Files</Filter>
    </ClInclude>
    <ClInclude Include="..\modules\InsaneCpp\Include\Insane\InsanePreprocessor.h">
      <Filter>Insane Header Files</Filter>
    </ClInclude>
    <ClInclude Include="..\modules\InsaneCpp\Include\Insane\InsaneString.h">
      <Filter>Insane Header Files</Filter>
    </ClInclude>
    <ClInclude Include="..\modules\InsaneCpp\Include\Insane\InsaneTest.h">
      <Filter>Insane Header Files</Filter>
    </ClInclude>
    <ClInclude Include="resource.h">
      <Filter>Header Files</Filter>
    </ClInclude>
    <ClInclude Include="..\modules\InsaneCpp\Include\Insane\__InsaneCore.h">
      <Filter>Insane Header Files</Filter>
    </ClInclude>
  </ItemGroup>
  <ItemGroup>
    <ResourceCompile Include="Insane.rc">
      <Filter>Resource Files</Filter>
    </ResourceCompile>
  </ItemGroup>
</Project>